
Microsoft Visual Studio Solution File, Format Version 12.00
# Visual Studio 15
VisualStudioVersion = 15.0.28307.960
MinimumVisualStudioVersion = 10.0.40219.1
Project("{8BC9CEB8-8B4A-11D0-8D11-00A0C91BC942}") = "Paint", "Paint\Paint.vcxproj", "{94A1E0FA-240F-4A7C-91F5-C4AC87A0F25A}"
EndProject
Global
	GlobalSection(SolutionConfigurationPlatforms) = preSolution
		Debug|Win32 = Debug|Win32
		Release|Win32 = Release|Win32
	EndGlobalSection
	GlobalSection(ProjectConfigurationPlatforms) = postSolution
		{94A1E0FA-240F-4A7C-91F5-C4AC87A0F25A}.Debug|Win32.ActiveCfg = Debug|Win32
		{94A1E0FA-240F-4A7C-91F5-C4AC87A0F25A}.Debug|Win32.Build.0 = Debug|Win32
		{94A1E0FA-240F-4A7C-91F5-C4AC87A0F25A}.Release|Win32.ActiveCfg = Release|Win32
		{94A1E0FA-240F-4A7C-91F5-C4AC87A0F25A}.Release|Win32.Build.0 = Release|Win32
	EndGlobalSection
	GlobalSection(SolutionProperties) = preSolution
		HideSolutionNode = FALSE
	EndGlobalSection
	GlobalSection(ExtensibilityGlobals) = postSolution
		SolutionGuid = {EDC60F74-134A-4886-9616-6C57704DCD4D}
	EndGlobalSection
EndGlobal
